
Microsoft Visual Studio Solution File, Format Version 12.00
# Visual Studio 14
VisualStudioVersion = 14.0.25420.1
MinimumVisualStudioVersion = 10.0.40219.1
Project("{8BC9CEB8-8B4A-11D0-8D11-00A0C91BC942}") = "Exception Handling and Unit-Testing", "Exception Handling and Unit-Testing\Exception Handling and Unit-Testing.vcxproj", "{701F847C-7EE2-4268-A00D-A73A6EA14106}"
EndProject
Global
	GlobalSection(SolutionConfigurationPlatforms) = preSolution
		Debug|x64 = Debug|x64
		Debug|x86 = Debug|x86
		Release|x64 = Release|x64
		Release|x86 = Release|x86
	EndGlobalSection
	GlobalSection(ProjectConfigurationPlatforms) = postSolution
		{701F847C-7EE2-4268-A00D-A73A6EA14106}.Debug|x64.ActiveCfg = Debug|x64
		{701F847C-7EE2-4268-A00D-A73A6EA14106}.Debug|x64.Build.0 = Debug|x64
		{701F847C-7EE2-4268-A00D-A73A6EA14106}.Debug|x86.ActiveCfg = Debug|Win32
		{701F847C-7EE2-4268-A00D-A73A6EA14106}.Debug|x86.Build.0 = Debug|Win32
		{701F847C-7EE2-4268-A00D-A73A6EA14106}.Release|x64.ActiveCfg = Release|x64
		{701F847C-7EE2-4268-A00D-A73A6EA14106}.Release|x64.Build.0 = Release|x64
		{701F847C-7EE2-4268-A00D-A73A6EA14106}.Release|x86.ActiveCfg = Release|Win32
		{701F847C-7EE2-4268-A00D-A73A6EA14106}.Release|x86.Build.0 = Release|Win32
	EndGlobalSection
	GlobalSection(SolutionProperties) = preSolution
		HideSolutionNode = FALSE
	EndGlobalSection
EndGlobal
